
Microsoft Visual Studio Solution File, Format Version 12.00
# Visual Studio 15
VisualStudioVersion = 15.0.26430.13
MinimumVisualStudioVersion = 10.0.40219.1
Project("{2150E333-8FDC-42A3-9474-1A3956D46DE8}") = "src", "src", "{B9D9C5DF-9DB8-40E7-8C4A-90D414860AE5}"
	ProjectSection(SolutionItems) = preProject
		src\Common.props = src\Common.props
		src\Key.snk = src\Key.snk
	EndProjectSection
EndProject
Project("{2150E333-8FDC-42A3-9474-1A3956D46DE8}") = "test", "test", "{19CB4C63-B9AA-4BCC-B71F-BCE0E7EDA9FD}"
	ProjectSection(SolutionItems) = preProject
		test\Common.props = test\Common.props
	EndProjectSection
EndProject
Project("{2150E333-8FDC-42A3-9474-1A3956D46DE8}") = "samples", "samples", "{F2D791F0-1BA9-4F65-97E7-368CEAC1F103}"
	ProjectSection(SolutionItems) = preProject
		samples\Common.props = samples\Common.props
	EndProjectSection
EndProject
Project("{2150E333-8FDC-42A3-9474-1A3956D46DE8}") = "docs", "docs", "{C88213E4-4E58-4D12-9C7F-2D466005DFA3}"
	ProjectSection(SolutionItems) = preProject
		docs\DEBUGGING.md = docs\DEBUGGING.md
		docs\EXTENSIONS.md = docs\EXTENSIONS.md
		docs\HOSTS.md = docs\HOSTS.md
		docs\INSTALLATION.md = docs\INSTALLATION.md
		docs\INTERNALS.md = docs\INTERNALS.md
		docs\README.md = docs\README.md
	EndProjectSection
EndProject
Project("{9A19103F-16F7-4668-BE54-9A1E7A4F7556}") = "Cometary.Common", "src\Cometary.Common\Cometary.Common.csproj", "{8D7AAB3F-95D6-43A1-9153-71D3F6AB9B1B}"
EndProject
Project("{9A19103F-16F7-4668-BE54-9A1E7A4F7556}") = "Cometary.Rewriting", "src\Cometary.Rewriting\Cometary.Rewriting.csproj", "{CB78A4D4-6184-4AA7-9C0C-72EC9C2D860B}"
EndProject
Project("{FAE04EC0-301F-11D3-BF4B-00C04F79EFBC}") = "Cometary.Symbols", "src\Cometary.Symbols\Cometary.Symbols.csproj", "{0D45C0BE-168E-4878-99A1-972551164AF7}"
EndProject
Project("{FAE04EC0-301F-11D3-BF4B-00C04F79EFBC}") = "Cometary.Scripting", "src\Cometary.Scripting\Cometary.Scripting.csproj", "{C2BC322A-0C47-4447-9EB8-8405D071F60D}"
EndProject
Project("{FAE04EC0-301F-11D3-BF4B-00C04F79EFBC}") = "Cometary.Generation", "src\Cometary.Generation\Cometary.Generation.csproj", "{3E3FB6A4-8B95-446A-932F-7188DD08991E}"
EndProject
Project("{9A19103F-16F7-4668-BE54-9A1E7A4F7556}") = "Cometary.Hosting", "src\Cometary.Hosting\Cometary.Hosting.csproj", "{7E634595-5CB0-49FD-9FB2-0B1ADEFBB5DC}"
EndProject
Project("{9A19103F-16F7-4668-BE54-9A1E7A4F7556}") = "Cometary.Hosting.Core", "src\Cometary.Hosting.Core\Cometary.Hosting.Core.csproj", "{6D80729A-10F7-4924-B5AD-9095EE9D41F5}"
	ProjectSection(ProjectDependencies) = postProject
		{CB78A4D4-6184-4AA7-9C0C-72EC9C2D860B} = {CB78A4D4-6184-4AA7-9C0C-72EC9C2D860B}
	EndProjectSection
EndProject
Project("{9A19103F-16F7-4668-BE54-9A1E7A4F7556}") = "Cometary.Hosting.MSBuild", "src\Cometary.Hosting.MSBuild\Cometary.Hosting.MSBuild.csproj", "{756A5036-AF09-4478-BD2F-FE62472AA5D4}"
EndProject
Project("{9A19103F-16F7-4668-BE54-9A1E7A4F7556}") = "Cometary.Hosting.VisualStudio", "src\Cometary.Hosting.VisualStudio\Cometary.Hosting.VisualStudio.csproj", "{1D88B2F0-237F-43A1-A927-68769D07F069}"
EndProject
Project("{FAE04EC0-301F-11D3-BF4B-00C04F79EFBC}") = "Cometary.VSIX", "src\Cometary.VSIX\Cometary.VSIX.csproj", "{0142D773-9A3E-413C-B222-D2E70521F19E}"
EndProject
Project("{9A19103F-16F7-4668-BE54-9A1E7A4F7556}") = "Cometary.Contracts", "samples\Cometary.Contracts\Cometary.Contracts.csproj", "{65EF32A5-8356-48C8-AAAB-29BFE1B957FD}"
EndProject
Project("{9A19103F-16F7-4668-BE54-9A1E7A4F7556}") = "Cometary.IL", "samples\Cometary.IL\Cometary.IL.csproj", "{A1267367-60D6-4C3A-B459-FC8E02E2EC06}"
EndProject
Project("{2150E333-8FDC-42A3-9474-1A3956D46DE8}") = "Hosting", "Hosting", "{85B63314-97D9-4DA0-BC78-3BA2703AC2DC}"
EndProject
Project("{2150E333-8FDC-42A3-9474-1A3956D46DE8}") = "Hosting", "Hosting", "{91E879B2-7047-422E-900C-C6294D0A26B8}"
EndProject
Project("{2150E333-8FDC-42A3-9474-1A3956D46DE8}") = "Samples", "Samples", "{D32E7C96-D907-4285-9549-320B3EF344F0}"
EndProject
Project("{9A19103F-16F7-4668-BE54-9A1E7A4F7556}") = "Cometary.Tests", "test\Cometary.Tests\Cometary.Tests.csproj", "{1F0A8A49-C74F-49A0-8AAA-D9B7F441B52B}"
	ProjectSection(ProjectDependencies) = postProject
		{7E634595-5CB0-49FD-9FB2-0B1ADEFBB5DC} = {7E634595-5CB0-49FD-9FB2-0B1ADEFBB5DC}
		{6D80729A-10F7-4924-B5AD-9095EE9D41F5} = {6D80729A-10F7-4924-B5AD-9095EE9D41F5}
	EndProjectSection
EndProject
Project("{9A19103F-16F7-4668-BE54-9A1E7A4F7556}") = "Cometary.Tests.Core", "test\Cometary.Tests.Core\Cometary.Tests.Core.csproj", "{E02B18BC-76CA-4D74-BAB3-8D293FB70036}"
	ProjectSection(ProjectDependencies) = postProject
		{1F0A8A49-C74F-49A0-8AAA-D9B7F441B52B} = {1F0A8A49-C74F-49A0-8AAA-D9B7F441B52B}
		{6D80729A-10F7-4924-B5AD-9095EE9D41F5} = {6D80729A-10F7-4924-B5AD-9095EE9D41F5}
	EndProjectSection
EndProject
Project("{9A19103F-16F7-4668-BE54-9A1E7A4F7556}") = "Cometary.Tests.MSBuild", "test\Cometary.Tests.MSBuild\Cometary.Tests.MSBuild.csproj", "{0639294B-AEA2-4A3F-B5FE-3D343F5B3F5F}"
	ProjectSection(ProjectDependencies) = postProject
		{756A5036-AF09-4478-BD2F-FE62472AA5D4} = {756A5036-AF09-4478-BD2F-FE62472AA5D4}
	EndProjectSection
EndProject
Project("{9A19103F-16F7-4668-BE54-9A1E7A4F7556}") = "Cometary.Tests.VisualStudio", "test\Cometary.Tests.VisualStudio\Cometary.Tests.VisualStudio.csproj", "{C17BFE02-EFD0-4EC0-97E7-14B826A0D7D2}"
	ProjectSection(ProjectDependencies) = postProject
		{1D88B2F0-237F-43A1-A927-68769D07F069} = {1D88B2F0-237F-43A1-A927-68769D07F069}
	EndProjectSection
EndProject
Project("{D954291E-2A0B-460D-934E-DC6B0785DB48}") = "Cometary.Tests.Shared", "test\Cometary.Tests.Shared\Cometary.Tests.Shared.shproj", "{394F1384-C26C-438A-A092-C76FF7F8357E}"
EndProject
Project("{9A19103F-16F7-4668-BE54-9A1E7A4F7556}") = "Cometary.Tests.IL", "test\Cometary.Tests.IL\Cometary.Tests.IL.csproj", "{3417CB1F-8289-4F05-BFDC-AB93069E8C9E}"
EndProject
Project("{9A19103F-16F7-4668-BE54-9A1E7A4F7556}") = "Cometary.Tests.Contracts", "test\Cometary.Tests.Contracts\Cometary.Tests.Contracts.csproj", "{DAA7DE9C-1AC8-4369-B01D-81DF0D45B5FE}"
EndProject
Project("{FAE04EC0-301F-11D3-BF4B-00C04F79EFBC}") = "Cometary", "src\Cometary\Cometary.csproj", "{97909D28-DFE4-45CF-8245-51BEA91B60C2}"
EndProject
Project("{2150E333-8FDC-42A3-9474-1A3956D46DE8}") = "Components", "Components", "{7153DD04-3D37-48B4-92ED-84F27FFC79B2}"
EndProject
Global
	GlobalSection(SharedMSBuildProjectFiles) = preSolution
		test\Cometary.Tests.Shared\Cometary.Tests.Shared.projitems*{3417cb1f-8289-4f05-bfdc-ab93069e8c9e}*SharedItemsImports = 4
		test\Cometary.Tests.Shared\Cometary.Tests.Shared.projitems*{394f1384-c26c-438a-a092-c76ff7f8357e}*SharedItemsImports = 13
		test\Cometary.Tests.Shared\Cometary.Tests.Shared.projitems*{daa7de9c-1ac8-4369-b01d-81df0d45b5fe}*SharedItemsImports = 4
	EndGlobalSection
	GlobalSection(SolutionConfigurationPlatforms) = preSolution
		Debug|Any CPU = Debug|Any CPU
		Debug|x86 = Debug|x86
		Release|Any CPU = Release|Any CPU
		Release|x86 = Release|x86
	EndGlobalSection
	GlobalSection(ProjectConfigurationPlatforms) = postSolution
		{8D7AAB3F-95D6-43A1-9153-71D3F6AB9B1B}.Debug|Any CPU.ActiveCfg = Debug|Any CPU
		{8D7AAB3F-95D6-43A1-9153-71D3F6AB9B1B}.Debug|Any CPU.Build.0 = Debug|Any CPU
		{8D7AAB3F-95D6-43A1-9153-71D3F6AB9B1B}.Debug|x86.ActiveCfg = Debug|Any CPU
		{8D7AAB3F-95D6-43A1-9153-71D3F6AB9B1B}.Debug|x86.Build.0 = Debug|Any CPU
		{8D7AAB3F-95D6-43A1-9153-71D3F6AB9B1B}.Release|Any CPU.ActiveCfg = Release|Any CPU
		{8D7AAB3F-95D6-43A1-9153-71D3F6AB9B1B}.Release|Any CPU.Build.0 = Release|Any CPU
		{8D7AAB3F-95D6-43A1-9153-71D3F6AB9B1B}.Release|x86.ActiveCfg = Release|Any CPU
		{8D7AAB3F-95D6-43A1-9153-71D3F6AB9B1B}.Release|x86.Build.0 = Release|Any CPU
		{CB78A4D4-6184-4AA7-9C0C-72EC9C2D860B}.Debug|Any CPU.ActiveCfg = Debug|Any CPU
		{CB78A4D4-6184-4AA7-9C0C-72EC9C2D860B}.Debug|Any CPU.Build.0 = Debug|Any CPU
		{CB78A4D4-6184-4AA7-9C0C-72EC9C2D860B}.Debug|x86.ActiveCfg = Debug|Any CPU
		{CB78A4D4-6184-4AA7-9C0C-72EC9C2D860B}.Debug|x86.Build.0 = Debug|Any CPU
		{CB78A4D4-6184-4AA7-9C0C-72EC9C2D860B}.Release|Any CPU.ActiveCfg = Release|Any CPU
		{CB78A4D4-6184-4AA7-9C0C-72EC9C2D860B}.Release|Any CPU.Build.0 = Release|Any CPU
		{CB78A4D4-6184-4AA7-9C0C-72EC9C2D860B}.Release|x86.ActiveCfg = Release|Any CPU
		{CB78A4D4-6184-4AA7-9C0C-72EC9C2D860B}.Release|x86.Build.0 = Release|Any CPU
		{0D45C0BE-168E-4878-99A1-972551164AF7}.Debug|Any CPU.ActiveCfg = Debug|Any CPU
		{0D45C0BE-168E-4878-99A1-972551164AF7}.Debug|Any CPU.Build.0 = Debug|Any CPU
		{0D45C0BE-168E-4878-99A1-972551164AF7}.Debug|x86.ActiveCfg = Debug|Any CPU
		{0D45C0BE-168E-4878-99A1-972551164AF7}.Debug|x86.Build.0 = Debug|Any CPU
		{0D45C0BE-168E-4878-99A1-972551164AF7}.Release|Any CPU.ActiveCfg = Release|Any CPU
		{0D45C0BE-168E-4878-99A1-972551164AF7}.Release|Any CPU.Build.0 = Release|Any CPU
		{0D45C0BE-168E-4878-99A1-972551164AF7}.Release|x86.ActiveCfg = Release|Any CPU
		{0D45C0BE-168E-4878-99A1-972551164AF7}.Release|x86.Build.0 = Release|Any CPU
		{C2BC322A-0C47-4447-9EB8-8405D071F60D}.Debug|Any CPU.ActiveCfg = Debug|Any CPU
		{C2BC322A-0C47-4447-9EB8-8405D071F60D}.Debug|Any CPU.Build.0 = Debug|Any CPU
		{C2BC322A-0C47-4447-9EB8-8405D071F60D}.Debug|x86.ActiveCfg = Debug|Any CPU
		{C2BC322A-0C47-4447-9EB8-8405D071F60D}.Debug|x86.Build.0 = Debug|Any CPU
		{C2BC322A-0C47-4447-9EB8-8405D071F60D}.Release|Any CPU.ActiveCfg = Release|Any CPU
		{C2BC322A-0C47-4447-9EB8-8405D071F60D}.Release|Any CPU.Build.0 = Release|Any CPU
		{C2BC322A-0C47-4447-9EB8-8405D071F60D}.Release|x86.ActiveCfg = Release|Any CPU
		{C2BC322A-0C47-4447-9EB8-8405D071F60D}.Release|x86.Build.0 = Release|Any CPU
		{3E3FB6A4-8B95-446A-932F-7188DD08991E}.Debug|Any CPU.ActiveCfg = Debug|Any CPU
		{3E3FB6A4-8B95-446A-932F-7188DD08991E}.Debug|Any CPU.Build.0 = Debug|Any CPU
		{3E3FB6A4-8B95-446A-932F-7188DD08991E}.Debug|x86.ActiveCfg = Debug|Any CPU
		{3E3FB6A4-8B95-446A-932F-7188DD08991E}.Debug|x86.Build.0 = Debug|Any CPU
		{3E3FB6A4-8B95-446A-932F-7188DD08991E}.Release|Any CPU.ActiveCfg = Release|Any CPU
		{3E3FB6A4-8B95-446A-932F-7188DD08991E}.Release|Any CPU.Build.0 = Release|Any CPU
		{3E3FB6A4-8B95-446A-932F-7188DD08991E}.Release|x86.ActiveCfg = Release|Any CPU
		{3E3FB6A4-8B95-446A-932F-7188DD08991E}.Release|x86.Build.0 = Release|Any CPU
		{7E634595-5CB0-49FD-9FB2-0B1ADEFBB5DC}.Debug|Any CPU.ActiveCfg = Debug|Any CPU
		{7E634595-5CB0-49FD-9FB2-0B1ADEFBB5DC}.Debug|Any CPU.Build.0 = Debug|Any CPU
		{7E634595-5CB0-49FD-9FB2-0B1ADEFBB5DC}.Debug|x86.ActiveCfg = Debug|Any CPU
		{7E634595-5CB0-49FD-9FB2-0B1ADEFBB5DC}.Debug|x86.Build.0 = Debug|Any CPU
		{7E634595-5CB0-49FD-9FB2-0B1ADEFBB5DC}.Release|Any CPU.ActiveCfg = Release|Any CPU
		{7E634595-5CB0-49FD-9FB2-0B1ADEFBB5DC}.Release|Any CPU.Build.0 = Release|Any CPU
		{7E634595-5CB0-49FD-9FB2-0B1ADEFBB5DC}.Release|x86.ActiveCfg = Release|Any CPU
		{7E634595-5CB0-49FD-9FB2-0B1ADEFBB5DC}.Release|x86.Build.0 = Release|Any CPU
		{6D80729A-10F7-4924-B5AD-9095EE9D41F5}.Debug|Any CPU.ActiveCfg = Debug|Any CPU
		{6D80729A-10F7-4924-B5AD-9095EE9D41F5}.Debug|Any CPU.Build.0 = Debug|Any CPU
		{6D80729A-10F7-4924-B5AD-9095EE9D41F5}.Debug|x86.ActiveCfg = Debug|Any CPU
		{6D80729A-10F7-4924-B5AD-9095EE9D41F5}.Debug|x86.Build.0 = Debug|Any CPU
		{6D80729A-10F7-4924-B5AD-9095EE9D41F5}.Release|Any CPU.ActiveCfg = Release|Any CPU
		{6D80729A-10F7-4924-B5AD-9095EE9D41F5}.Release|Any CPU.Build.0 = Release|Any CPU
		{6D80729A-10F7-4924-B5AD-9095EE9D41F5}.Release|x86.ActiveCfg = Release|Any CPU
		{6D80729A-10F7-4924-B5AD-9095EE9D41F5}.Release|x86.Build.0 = Release|Any CPU
		{756A5036-AF09-4478-BD2F-FE62472AA5D4}.Debug|Any CPU.ActiveCfg = Debug|Any CPU
		{756A5036-AF09-4478-BD2F-FE62472AA5D4}.Debug|Any CPU.Build.0 = Debug|Any CPU
		{756A5036-AF09-4478-BD2F-FE62472AA5D4}.Debug|x86.ActiveCfg = Debug|Any CPU
		{756A5036-AF09-4478-BD2F-FE62472AA5D4}.Debug|x86.Build.0 = Debug|Any CPU
		{756A5036-AF09-4478-BD2F-FE62472AA5D4}.Release|Any CPU.ActiveCfg = Release|Any CPU
		{756A5036-AF09-4478-BD2F-FE62472AA5D4}.Release|Any CPU.Build.0 = Release|Any CPU
		{756A5036-AF09-4478-BD2F-FE62472AA5D4}.Release|x86.ActiveCfg = Release|Any CPU
		{756A5036-AF09-4478-BD2F-FE62472AA5D4}.Release|x86.Build.0 = Release|Any CPU
		{1D88B2F0-237F-43A1-A927-68769D07F069}.Debug|Any CPU.ActiveCfg = Debug|Any CPU
		{1D88B2F0-237F-43A1-A927-68769D07F069}.Debug|Any CPU.Build.0 = Debug|Any CPU
		{1D88B2F0-237F-43A1-A927-68769D07F069}.Debug|x86.ActiveCfg = Debug|Any CPU
		{1D88B2F0-237F-43A1-A927-68769D07F069}.Debug|x86.Build.0 = Debug|Any CPU
		{1D88B2F0-237F-43A1-A927-68769D07F069}.Release|Any CPU.ActiveCfg = Release|Any CPU
		{1D88B2F0-237F-43A1-A927-68769D07F069}.Release|Any CPU.Build.0 = Release|Any CPU
		{1D88B2F0-237F-43A1-A927-68769D07F069}.Release|x86.ActiveCfg = Release|Any CPU
		{1D88B2F0-237F-43A1-A927-68769D07F069}.Release|x86.Build.0 = Release|Any CPU
		{0142D773-9A3E-413C-B222-D2E70521F19E}.Debug|Any CPU.ActiveCfg = Debug|Any CPU
		{0142D773-9A3E-413C-B222-D2E70521F19E}.Debug|Any CPU.Build.0 = Debug|Any CPU
		{0142D773-9A3E-413C-B222-D2E70521F19E}.Debug|x86.ActiveCfg = Debug|Any CPU
		{0142D773-9A3E-413C-B222-D2E70521F19E}.Debug|x86.Build.0 = Debug|Any CPU
		{0142D773-9A3E-413C-B222-D2E70521F19E}.Release|Any CPU.ActiveCfg = Release|Any CPU
		{0142D773-9A3E-413C-B222-D2E70521F19E}.Release|Any CPU.Build.0 = Release|Any CPU
		{0142D773-9A3E-413C-B222-D2E70521F19E}.Release|x86.ActiveCfg = Release|Any CPU
		{0142D773-9A3E-413C-B222-D2E70521F19E}.Release|x86.Build.0 = Release|Any CPU
		{65EF32A5-8356-48C8-AAAB-29BFE1B957FD}.Debug|Any CPU.ActiveCfg = Debug|Any CPU
		{65EF32A5-8356-48C8-AAAB-29BFE1B957FD}.Debug|Any CPU.Build.0 = Debug|Any CPU
		{65EF32A5-8356-48C8-AAAB-29BFE1B957FD}.Debug|x86.ActiveCfg = Debug|Any CPU
		{65EF32A5-8356-48C8-AAAB-29BFE1B957FD}.Debug|x86.Build.0 = Debug|Any CPU
		{65EF32A5-8356-48C8-AAAB-29BFE1B957FD}.Release|Any CPU.ActiveCfg = Release|Any CPU
		{65EF32A5-8356-48C8-AAAB-29BFE1B957FD}.Release|Any CPU.Build.0 = Release|Any CPU
		{65EF32A5-8356-48C8-AAAB-29BFE1B957FD}.Release|x86.ActiveCfg = Release|Any CPU
		{65EF32A5-8356-48C8-AAAB-29BFE1B957FD}.Release|x86.Build.0 = Release|Any CPU
		{A1267367-60D6-4C3A-B459-FC8E02E2EC06}.Debug|Any CPU.ActiveCfg = Debug|Any CPU
		{A1267367-60D6-4C3A-B459-FC8E02E2EC06}.Debug|Any CPU.Build.0 = Debug|Any CPU
		{A1267367-60D6-4C3A-B459-FC8E02E2EC06}.Debug|x86.ActiveCfg = Debug|Any CPU
		{A1267367-60D6-4C3A-B459-FC8E02E2EC06}.Debug|x86.Build.0 = Debug|Any CPU
		{A1267367-60D6-4C3A-B459-FC8E02E2EC06}.Release|Any CPU.ActiveCfg = Release|Any CPU
		{A1267367-60D6-4C3A-B459-FC8E02E2EC06}.Release|Any CPU.Build.0 = Release|Any CPU
		{A1267367-60D6-4C3A-B459-FC8E02E2EC06}.Release|x86.ActiveCfg = Release|Any CPU
		{A1267367-60D6-4C3A-B459-FC8E02E2EC06}.Release|x86.Build.0 = Release|Any CPU
		{1F0A8A49-C74F-49A0-8AAA-D9B7F441B52B}.Debug|Any CPU.ActiveCfg = Debug|Any CPU
		{1F0A8A49-C74F-49A0-8AAA-D9B7F441B52B}.Debug|Any CPU.Build.0 = Debug|Any CPU
		{1F0A8A49-C74F-49A0-8AAA-D9B7F441B52B}.Debug|x86.ActiveCfg = Debug|Any CPU
		{1F0A8A49-C74F-49A0-8AAA-D9B7F441B52B}.Debug|x86.Build.0 = Debug|Any CPU
		{1F0A8A49-C74F-49A0-8AAA-D9B7F441B52B}.Release|Any CPU.ActiveCfg = Release|Any CPU
		{1F0A8A49-C74F-49A0-8AAA-D9B7F441B52B}.Release|Any CPU.Build.0 = Release|Any CPU
		{1F0A8A49-C74F-49A0-8AAA-D9B7F441B52B}.Release|x86.ActiveCfg = Release|Any CPU
		{1F0A8A49-C74F-49A0-8AAA-D9B7F441B52B}.Release|x86.Build.0 = Release|Any CPU
		{E02B18BC-76CA-4D74-BAB3-8D293FB70036}.Debug|Any CPU.ActiveCfg = Debug|Any CPU
		{E02B18BC-76CA-4D74-BAB3-8D293FB70036}.Debug|Any CPU.Build.0 = Debug|Any CPU
		{E02B18BC-76CA-4D74-BAB3-8D293FB70036}.Debug|x86.ActiveCfg = Debug|Any CPU
		{E02B18BC-76CA-4D74-BAB3-8D293FB70036}.Debug|x86.Build.0 = Debug|Any CPU
		{E02B18BC-76CA-4D74-BAB3-8D293FB70036}.Release|Any CPU.ActiveCfg = Release|Any CPU
		{E02B18BC-76CA-4D74-BAB3-8D293FB70036}.Release|Any CPU.Build.0 = Release|Any CPU
		{E02B18BC-76CA-4D74-BAB3-8D293FB70036}.Release|x86.ActiveCfg = Release|Any CPU
		{E02B18BC-76CA-4D74-BAB3-8D293FB70036}.Release|x86.Build.0 = Release|Any CPU
		{0639294B-AEA2-4A3F-B5FE-3D343F5B3F5F}.Debug|Any CPU.ActiveCfg = Debug|Any CPU
		{0639294B-AEA2-4A3F-B5FE-3D343F5B3F5F}.Debug|Any CPU.Build.0 = Debug|Any CPU
		{0639294B-AEA2-4A3F-B5FE-3D343F5B3F5F}.Debug|x86.ActiveCfg = Debug|Any CPU
		{0639294B-AEA2-4A3F-B5FE-3D343F5B3F5F}.Debug|x86.Build.0 = Debug|Any CPU
		{0639294B-AEA2-4A3F-B5FE-3D343F5B3F5F}.Release|Any CPU.ActiveCfg = Release|Any CPU
		{0639294B-AEA2-4A3F-B5FE-3D343F5B3F5F}.Release|Any CPU.Build.0 = Release|Any CPU
		{0639294B-AEA2-4A3F-B5FE-3D343F5B3F5F}.Release|x86.ActiveCfg = Release|Any CPU
		{0639294B-AEA2-4A3F-B5FE-3D343F5B3F5F}.Release|x86.Build.0 = Release|Any CPU
		{C17BFE02-EFD0-4EC0-97E7-14B826A0D7D2}.Debug|Any CPU.ActiveCfg = Debug|Any CPU
		{C17BFE02-EFD0-4EC0-97E7-14B826A0D7D2}.Debug|Any CPU.Build.0 = Debug|Any CPU
		{C17BFE02-EFD0-4EC0-97E7-14B826A0D7D2}.Debug|x86.ActiveCfg = Debug|Any CPU
		{C17BFE02-EFD0-4EC0-97E7-14B826A0D7D2}.Debug|x86.Build.0 = Debug|Any CPU
		{C17BFE02-EFD0-4EC0-97E7-14B826A0D7D2}.Release|Any CPU.ActiveCfg = Release|Any CPU
		{C17BFE02-EFD0-4EC0-97E7-14B826A0D7D2}.Release|Any CPU.Build.0 = Release|Any CPU
		{C17BFE02-EFD0-4EC0-97E7-14B826A0D7D2}.Release|x86.ActiveCfg = Release|Any CPU
		{C17BFE02-EFD0-4EC0-97E7-14B826A0D7D2}.Release|x86.Build.0 = Release|Any CPU
		{3417CB1F-8289-4F05-BFDC-AB93069E8C9E}.Debug|Any CPU.ActiveCfg = Debug|Any CPU
		{3417CB1F-8289-4F05-BFDC-AB93069E8C9E}.Debug|Any CPU.Build.0 = Debug|Any CPU
		{3417CB1F-8289-4F05-BFDC-AB93069E8C9E}.Debug|x86.ActiveCfg = Debug|Any CPU
		{3417CB1F-8289-4F05-BFDC-AB93069E8C9E}.Debug|x86.Build.0 = Debug|Any CPU
		{3417CB1F-8289-4F05-BFDC-AB93069E8C9E}.Release|Any CPU.ActiveCfg = Release|Any CPU
		{3417CB1F-8289-4F05-BFDC-AB93069E8C9E}.Release|Any CPU.Build.0 = Release|Any CPU
		{3417CB1F-8289-4F05-BFDC-AB93069E8C9E}.Release|x86.ActiveCfg = Release|Any CPU
		{3417CB1F-8289-4F05-BFDC-AB93069E8C9E}.Release|x86.Build.0 = Release|Any CPU
		{DAA7DE9C-1AC8-4369-B01D-81DF0D45B5FE}.Debug|Any CPU.ActiveCfg = Debug|Any CPU
		{DAA7DE9C-1AC8-4369-B01D-81DF0D45B5FE}.Debug|Any CPU.Build.0 = Debug|Any CPU
		{DAA7DE9C-1AC8-4369-B01D-81DF0D45B5FE}.Debug|x86.ActiveCfg = Debug|Any CPU
		{DAA7DE9C-1AC8-4369-B01D-81DF0D45B5FE}.Debug|x86.Build.0 = Debug|Any CPU
		{DAA7DE9C-1AC8-4369-B01D-81DF0D45B5FE}.Release|Any CPU.ActiveCfg = Release|Any CPU
		{DAA7DE9C-1AC8-4369-B01D-81DF0D45B5FE}.Release|Any CPU.Build.0 = Release|Any CPU
		{DAA7DE9C-1AC8-4369-B01D-81DF0D45B5FE}.Release|x86.ActiveCfg = Release|Any CPU
		{DAA7DE9C-1AC8-4369-B01D-81DF0D45B5FE}.Release|x86.Build.0 = Release|Any CPU
		{97909D28-DFE4-45CF-8245-51BEA91B60C2}.Debug|Any CPU.ActiveCfg = Debug|Any CPU
		{97909D28-DFE4-45CF-8245-51BEA91B60C2}.Debug|Any CPU.Build.0 = Debug|Any CPU
		{97909D28-DFE4-45CF-8245-51BEA91B60C2}.Debug|x86.ActiveCfg = Debug|Any CPU
		{97909D28-DFE4-45CF-8245-51BEA91B60C2}.Debug|x86.Build.0 = Debug|Any CPU
		{97909D28-DFE4-45CF-8245-51BEA91B60C2}.Release|Any CPU.ActiveCfg = Release|Any CPU
		{97909D28-DFE4-45CF-8245-51BEA91B60C2}.Release|Any CPU.Build.0 = Release|Any CPU
		{97909D28-DFE4-45CF-8245-51BEA91B60C2}.Release|x86.ActiveCfg = Release|Any CPU
		{97909D28-DFE4-45CF-8245-51BEA91B60C2}.Release|x86.Build.0 = Release|Any CPU
	EndGlobalSection
	GlobalSection(SolutionProperties) = preSolution
		HideSolutionNode = FALSE
	EndGlobalSection
	GlobalSection(NestedProjects) = preSolution
		{8D7AAB3F-95D6-43A1-9153-71D3F6AB9B1B} = {B9D9C5DF-9DB8-40E7-8C4A-90D414860AE5}
		{CB78A4D4-6184-4AA7-9C0C-72EC9C2D860B} = {7153DD04-3D37-48B4-92ED-84F27FFC79B2}
		{0D45C0BE-168E-4878-99A1-972551164AF7} = {7153DD04-3D37-48B4-92ED-84F27FFC79B2}
		{C2BC322A-0C47-4447-9EB8-8405D071F60D} = {7153DD04-3D37-48B4-92ED-84F27FFC79B2}
		{3E3FB6A4-8B95-446A-932F-7188DD08991E} = {7153DD04-3D37-48B4-92ED-84F27FFC79B2}
		{7E634595-5CB0-49FD-9FB2-0B1ADEFBB5DC} = {85B63314-97D9-4DA0-BC78-3BA2703AC2DC}
		{6D80729A-10F7-4924-B5AD-9095EE9D41F5} = {85B63314-97D9-4DA0-BC78-3BA2703AC2DC}
		{756A5036-AF09-4478-BD2F-FE62472AA5D4} = {85B63314-97D9-4DA0-BC78-3BA2703AC2DC}
		{1D88B2F0-237F-43A1-A927-68769D07F069} = {85B63314-97D9-4DA0-BC78-3BA2703AC2DC}
		{0142D773-9A3E-413C-B222-D2E70521F19E} = {85B63314-97D9-4DA0-BC78-3BA2703AC2DC}
		{65EF32A5-8356-48C8-AAAB-29BFE1B957FD} = {F2D791F0-1BA9-4F65-97E7-368CEAC1F103}
		{A1267367-60D6-4C3A-B459-FC8E02E2EC06} = {F2D791F0-1BA9-4F65-97E7-368CEAC1F103}
		{85B63314-97D9-4DA0-BC78-3BA2703AC2DC} = {B9D9C5DF-9DB8-40E7-8C4A-90D414860AE5}
		{91E879B2-7047-422E-900C-C6294D0A26B8} = {19CB4C63-B9AA-4BCC-B71F-BCE0E7EDA9FD}
		{D32E7C96-D907-4285-9549-320B3EF344F0} = {19CB4C63-B9AA-4BCC-B71F-BCE0E7EDA9FD}
		{1F0A8A49-C74F-49A0-8AAA-D9B7F441B52B} = {19CB4C63-B9AA-4BCC-B71F-BCE0E7EDA9FD}
		{E02B18BC-76CA-4D74-BAB3-8D293FB70036} = {91E879B2-7047-422E-900C-C6294D0A26B8}
		{0639294B-AEA2-4A3F-B5FE-3D343F5B3F5F} = {91E879B2-7047-422E-900C-C6294D0A26B8}
		{C17BFE02-EFD0-4EC0-97E7-14B826A0D7D2} = {91E879B2-7047-422E-900C-C6294D0A26B8}
		{394F1384-C26C-438A-A092-C76FF7F8357E} = {91E879B2-7047-422E-900C-C6294D0A26B8}
		{3417CB1F-8289-4F05-BFDC-AB93069E8C9E} = {D32E7C96-D907-4285-9549-320B3EF344F0}
		{DAA7DE9C-1AC8-4369-B01D-81DF0D45B5FE} = {D32E7C96-D907-4285-9549-320B3EF344F0}
		{97909D28-DFE4-45CF-8245-51BEA91B60C2} = {B9D9C5DF-9DB8-40E7-8C4A-90D414860AE5}
		{7153DD04-3D37-48B4-92ED-84F27FFC79B2} = {B9D9C5DF-9DB8-40E7-8C4A-90D414860AE5}
	EndGlobalSection
EndGlobal
