
Microsoft Visual Studio Solution File, Format Version 12.00
# Visual Studio 15
VisualStudioVersion = 15.0.26430.13
MinimumVisualStudioVersion = 10.0.40219.1
Project("{2150E333-8FDC-42A3-9474-1A3956D46DE8}") = "src", "src", "{2B362A4B-0310-4B27-B2F9-585ADCE458D7}"
	ProjectSection(SolutionItems) = preProject
		src\Common.cs = src\Common.cs
		src\Common.props = src\Common.props
		src\Key.snk = src\Key.snk
	EndProjectSection
EndProject
Project("{2150E333-8FDC-42A3-9474-1A3956D46DE8}") = "test", "test", "{6B33BEC9-AE29-4CAC-8B9C-C866DCB8E39B}"
EndProject
Project("{2150E333-8FDC-42A3-9474-1A3956D46DE8}") = "build", "build", "{22EF4E7D-958A-4778-A4C4-B658133A801F}"
	ProjectSection(SolutionItems) = preProject
		build\Build.ps1 = build\Build.ps1
	EndProjectSection
EndProject
Project("{9A19103F-16F7-4668-BE54-9A1E7A4F7556}") = "Cometary", "src\Cometary\Cometary.csproj", "{C754927E-BFAA-4920-AE93-48684C248D67}"
EndProject
Project("{9A19103F-16F7-4668-BE54-9A1E7A4F7556}") = "Cometary.Analyzer", "src\Cometary.Analyzer\Cometary.Analyzer.csproj", "{3904D763-41F8-42FC-B110-094F2C09CF26}"
EndProject
Project("{9A19103F-16F7-4668-BE54-9A1E7A4F7556}") = "Cometary.Tests", "test\Cometary.Tests\Cometary.Tests.csproj", "{7EF0151C-E2E0-408E-B2A1-B95D182F6D84}"
EndProject
Project("{9A19103F-16F7-4668-BE54-9A1E7A4F7556}") = "Cometary.Tests.Analyzer", "test\Cometary.Tests.Analyzer\Cometary.Tests.Analyzer.csproj", "{A87AC454-F5CA-4D73-A109-F7DC55FD437C}"
EndProject
Project("{9A19103F-16F7-4668-BE54-9A1E7A4F7556}") = "Cometary.SelfAnalyzer.Tests", "test\Cometary.SelfAnalysis.Tests\Cometary.SelfAnalyzer.Tests.csproj", "{2FB17A08-4875-4F60-9554-BAEC932F8FB1}"
	ProjectSection(ProjectDependencies) = postProject
		{3904D763-41F8-42FC-B110-094F2C09CF26} = {3904D763-41F8-42FC-B110-094F2C09CF26}
	EndProjectSection
EndProject
Project("{9A19103F-16F7-4668-BE54-9A1E7A4F7556}") = "Cometary.SelfAnalyzer", "src\Cometary.SelfAnalyzer\Cometary.SelfAnalyzer.csproj", "{79D4E212-1D2C-4149-A467-55528FFFE90E}"
EndProject
Project("{2150E333-8FDC-42A3-9474-1A3956D46DE8}") = "Tools", "Tools", "{D5757CDF-AF77-4D5A-AFA5-722F74EC498F}"
	ProjectSection(SolutionItems) = preProject
		build\Tools\Install.ps1 = build\Tools\Install.ps1
		build\Tools\Uninstall.ps1 = build\Tools\Uninstall.ps1
	EndProjectSection
EndProject
Global
	GlobalSection(SolutionConfigurationPlatforms) = preSolution
		Debug|Any CPU = Debug|Any CPU
		Release|Any CPU = Release|Any CPU
	EndGlobalSection
	GlobalSection(ProjectConfigurationPlatforms) = postSolution
		{C754927E-BFAA-4920-AE93-48684C248D67}.Debug|Any CPU.ActiveCfg = Debug|Any CPU
		{C754927E-BFAA-4920-AE93-48684C248D67}.Debug|Any CPU.Build.0 = Debug|Any CPU
		{C754927E-BFAA-4920-AE93-48684C248D67}.Release|Any CPU.ActiveCfg = Release|Any CPU
		{C754927E-BFAA-4920-AE93-48684C248D67}.Release|Any CPU.Build.0 = Release|Any CPU
		{3904D763-41F8-42FC-B110-094F2C09CF26}.Debug|Any CPU.ActiveCfg = Debug|Any CPU
		{3904D763-41F8-42FC-B110-094F2C09CF26}.Debug|Any CPU.Build.0 = Debug|Any CPU
		{3904D763-41F8-42FC-B110-094F2C09CF26}.Release|Any CPU.ActiveCfg = Release|Any CPU
		{3904D763-41F8-42FC-B110-094F2C09CF26}.Release|Any CPU.Build.0 = Release|Any CPU
		{7EF0151C-E2E0-408E-B2A1-B95D182F6D84}.Debug|Any CPU.ActiveCfg = Debug|Any CPU
		{7EF0151C-E2E0-408E-B2A1-B95D182F6D84}.Debug|Any CPU.Build.0 = Debug|Any CPU
		{7EF0151C-E2E0-408E-B2A1-B95D182F6D84}.Release|Any CPU.ActiveCfg = Release|Any CPU
		{7EF0151C-E2E0-408E-B2A1-B95D182F6D84}.Release|Any CPU.Build.0 = Release|Any CPU
		{A87AC454-F5CA-4D73-A109-F7DC55FD437C}.Debug|Any CPU.ActiveCfg = Debug|Any CPU
		{A87AC454-F5CA-4D73-A109-F7DC55FD437C}.Debug|Any CPU.Build.0 = Debug|Any CPU
		{A87AC454-F5CA-4D73-A109-F7DC55FD437C}.Release|Any CPU.ActiveCfg = Release|Any CPU
		{A87AC454-F5CA-4D73-A109-F7DC55FD437C}.Release|Any CPU.Build.0 = Release|Any CPU
		{2FB17A08-4875-4F60-9554-BAEC932F8FB1}.Debug|Any CPU.ActiveCfg = Debug|Any CPU
		{2FB17A08-4875-4F60-9554-BAEC932F8FB1}.Debug|Any CPU.Build.0 = Debug|Any CPU
		{2FB17A08-4875-4F60-9554-BAEC932F8FB1}.Release|Any CPU.ActiveCfg = Release|Any CPU
		{2FB17A08-4875-4F60-9554-BAEC932F8FB1}.Release|Any CPU.Build.0 = Release|Any CPU
		{79D4E212-1D2C-4149-A467-55528FFFE90E}.Debug|Any CPU.ActiveCfg = Debug|Any CPU
		{79D4E212-1D2C-4149-A467-55528FFFE90E}.Debug|Any CPU.Build.0 = Debug|Any CPU
		{79D4E212-1D2C-4149-A467-55528FFFE90E}.Release|Any CPU.ActiveCfg = Release|Any CPU
		{79D4E212-1D2C-4149-A467-55528FFFE90E}.Release|Any CPU.Build.0 = Release|Any CPU
	EndGlobalSection
	GlobalSection(SolutionProperties) = preSolution
		HideSolutionNode = FALSE
	EndGlobalSection
	GlobalSection(NestedProjects) = preSolution
		{C754927E-BFAA-4920-AE93-48684C248D67} = {2B362A4B-0310-4B27-B2F9-585ADCE458D7}
		{3904D763-41F8-42FC-B110-094F2C09CF26} = {2B362A4B-0310-4B27-B2F9-585ADCE458D7}
		{7EF0151C-E2E0-408E-B2A1-B95D182F6D84} = {6B33BEC9-AE29-4CAC-8B9C-C866DCB8E39B}
		{A87AC454-F5CA-4D73-A109-F7DC55FD437C} = {6B33BEC9-AE29-4CAC-8B9C-C866DCB8E39B}
		{2FB17A08-4875-4F60-9554-BAEC932F8FB1} = {6B33BEC9-AE29-4CAC-8B9C-C866DCB8E39B}
		{79D4E212-1D2C-4149-A467-55528FFFE90E} = {2B362A4B-0310-4B27-B2F9-585ADCE458D7}
		{D5757CDF-AF77-4D5A-AFA5-722F74EC498F} = {22EF4E7D-958A-4778-A4C4-B658133A801F}
	EndGlobalSection
EndGlobal
